# This file is automatically @generated by Cargo.
# It is not intended for manual editing.
version = 4

[[package]]
name = "day07"
version = "0.1.0"
dependencies = [
 "text-block-macros",
]

[[package]]
name = "text-block-macros"
version = "0.2.0"
source = "registry+https://github.com/rust-lang/crates.io-index"
checksum = "f1ecd6317fa97541e6cfcdf79c1917ccb8f7a10ec9ece27aaadf5b2b6ccad3e8"
